berty.tech/go-libtor v1.0.385 h1:RWK94C3hZj6Z2GdvePpHJLnWYobFr3bY/OdUJ5aoEXw=
berty.tech/go-libtor v1.0.385/go.mod h1:9swOOQVb+kmvuAlsgWUK/4c52pm69AdbJsxLzk+fJEw=
github.com/ajg/form v1.5.1 h1:t9c7v8JUKu/XxOGBU0yjNpaMloxGEJhUkqFRq0ibGeU=
github.com/ajg/form v1.5.1/go.mod h1:uL1WgH+h2mgNtvBq0339dVnzXdBETtL2LeUXaIv25UY=
github.com/andybalholm/brotli v1.0.6 h1:Yf9fFpf49Zrxb9NlQaluyE92/+X7UVHlhMNJN2sxfOI=
github.com/andybalholm/brotli v1.0.6/go.mod h1:fO7iG3H7G2nSZ7m0zPUDn85XEX2GTukHGRSepvi9Eig=
github.com/benbjohnson/clock v1.1.0/go.mod h1:J11/hYXuz8f4ySSvYwY0FKfm+ezbsZBKZxNJlLklBHA=
github.com/bep/debounce v1.2.1 h1:v67fRdBA9UQu2NhLFXrSg0Brw7CexQekrBwDMM8bzeY=
github.com/bep/debounce v1.2.1/go.mod h1:H8yggRPQKLUhUoqrJC1bO2xNya7vanpDl7xR3ISbCJ0=
github.com/caddyserver/certmagic v0.20.0 h1:bTw7LcEZAh9ucYCRXyCpIrSAGplplI0vGYJ4BpCQ/Fc=
github.com/caddyserver/certmagic v0.20.0/go.mod h1:N4sXgpICQUskEWpj7zVzvWD41p3NYacrNoZYiRM2jTg=
github.com/cloudflare/circl v1.3.7 h1:qlCDlTPz2n9fu58M0Nh1J/JzcFpfgkFHHX3O35r5vcU=
github.com/cloudflare/circl v1.3.7/go.mod h1:sRTcRWXGLrKw6yIGJ+l7amYJFfAXbZG0kBSc8r4zxgA=
github.com/cretz/bine v0.1.0/go.mod h1:6PF6fWAvYtwjRGkAuDEJeWNOv3a2hUouSP/yRYXmvHw=
github.com/cretz/bine v0.2.0 h1:8GiDRGlTgz+o8H9DSnsl+5MeBK4HsExxgl6WgzOCuZo=
github.com/cretz/bine v0.2.0/go.mod h1:WU4o9QR9wWp8AVKtTM1XD5vUHkEqnf2vVSo6dBqbetI=
github.com/davecgh/go-spew v1.1.0/go.mod h1:J7Y8YcW2NihsgmVo/mv3lAwl/skON4iLHjSsI+c5H38=
github.com/davecgh/go-spew v1.1.1 h1:vj9j/u1bqnvCEfJOwUhtlOARqs3+rkHYY13jYWTU97c=
github.com/davecgh/go-spew v1.1.1/go.mod h1:J7Y8YcW2NihsgmVo/mv3lAwl/skON4iLHjSsI+c5H38=
github.com/fsnotify/fsnotify v1.7.0 h1:8JEhPFa5W2WU7YfeZzPNqzMP6Lwt7L2715Ggo0nosvA=
github.com/fsnotify/fsnotify v1.7.0/go.mod h1:40Bi/Hjc2AVfZrqy+aj+yEI+/bRxZnMJyTJwOpGvigM=
github.com/gaukas/godicttls v0.0.4 h1:NlRaXb3J6hAnTmWdsEKb9bcSBD6BvcIjdGdeb0zfXbk=
github.com/gaukas/godicttls v0.0.4/go.mod h1:l6EenT4TLWgTdwslVb4sEMOCf7Bv0JAK67deKr9/NCI=
github.com/getlantern/byteexec v0.0.0-20220903141943-7db46f110fbc h1:npKLx1Gx+m6MaKnS+QVvw6wtvtf9ado42/mn8KYjD54=
github.com/getlantern/byteexec v0.0.0-20220903141943-7db46f110fbc/go.mod h1:oD9q9NB1LNBLHk3WAwza4tivxV7tm7jKFlCNCAv3+M8=
github.com/getlantern/context v0.0.0-20190109183933-c447772a6520 h1:NRUJuo3v3WGC/g5YiyF790gut6oQr5f3FBI88Wv0dx4=
github.com/getlantern/context v0.0.0-20190109183933-c447772a6520/go.mod h1:L+mq6/vvYHKjCX2oez0CgEAJmbq1fbb/oNJIWQkBybY=
github.com/getlantern/elevate v0.0.0-20220903142053-479ab992b264 h1:q50MSzoIIKotG7apUYaDME/bNGhOJMjG33Fpfc7KPWM=
github.com/getlantern/elevate v0.0.0-20220903142053-479ab992b264/go.mod h1:2VB8zy/kMNX347i5fdusJbPNAZE26u8qoHJDy7CWP9A=
github.com/getlantern/errors v1.0.1 h1:XukU2whlh7OdpxnkXhNH9VTLVz0EVPGKDV5K0oWhvzw=
github.com/getlantern/errors v1.0.1/go.mod h1:l+xpFBrCtDLpK9qNjxs+cHU6+BAdlBaxHqikB6Lku3A=
github.com/getlantern/filepersist v0.0.0-20210901195658-ed29a1cb0b7c h1:mcz27xtAkb1OuOLBct/uFfL1p3XxAIcFct82GbT+UZM=
github.com/getlantern/filepersist v0.0.0-20210901195658-ed29a1cb0b7c/go.mod h1:8DGAx0LNUfXNnEH+fXI0s3OCBA/351kZCiz/8YSK3i8=
github.com/getlantern/golog v0.0.0-20211223150227-d4d95a44d873 h1:nnod94N4hMKb7pyJmnXDk+HR23o1S2CbZ4oMKzHbp9A=
github.com/getlantern/golog v0.0.0-20211223150227-d4d95a44d873/go.mod h1:+ZU1h+iOVqWReBpky6d5Y2WL0sF2Llxu+QcxJFs2+OU=
github.com/getlantern/hex v0.0.0-20190417191902-c6586a6fe0b7 h1:micT5vkcr9tOVk1FiH8SWKID8ultN44Z+yzd2y/Vyb0=
github.com/getlantern/hex v0.0.0-20190417191902-c6586a6fe0b7/go.mod h1:dD3CgOrwlzca8ed61CsZouQS5h5jIzkK9ZWrTcf0s+o=
github.com/getlantern/hidden v0.0.0-20190325191715-f02dbb02be55 h1:XYzSdCbkzOC0FDNrgJqGRo8PCMFOBFL9py72DRs7bmc=
github.com/getlantern/hidden v0.0.0-20190325191715-f02dbb02be55/go.mod h1:6mmzY2kW1TOOrVy+r41Za2MxXM+hhqTtY3oBKd2AgFA=
github.com/getlantern/ops v0.0.0-20190325191751-d70cb0d6f85f h1:wrYrQttPS8FHIRSlsrcuKazukx/xqO/PpLZzZXsF+EA=
github.com/getlantern/ops v0.0.0-20190325191751-d70cb0d6f85f/go.mod h1:D5ao98qkA6pxftxoqzibIBBrLSUli+kYnJqrgBf9cIA=
github.com/go-chi/chi/v5 v5.0.12 h1:9euLV5sTrTNTRUU9POmDUvfxyj6LAABLUcEWO+JJb4s=
github.com/go-chi/chi/v5 v5.0.12/go.mod h1:DslCQbL2OYiznFReuXYUmQ2hGd1aDpCnlMNITLSKoi8=
github.com/go-chi/cors v1.2.1 h1:xEC8UT3Rlp2QuWNEr4Fs/c2EAGVKBwy/1vHx3bppil4=
github.com/go-chi/cors v1.2.1/go.mod h1:sSbTewc+6wYHBBCW7ytsFSn836hqM7JxpglAy2Vzc58=
github.com/go-chi/render v1.0.3 h1:AsXqd2a1/INaIfUSKq3G5uA8weYx20FOsM7uSoCyyt4=
github.com/go-chi/render v1.0.3/go.mod h1:/gr3hVkmYR0YlEy3LxCuVRFzEu9Ruok+gFqbIofjao0=
github.com/go-logr/logr v1.2.4 h1:g01GSCwiDw2xSZfjJ2/T9M+S6pFdcNtFYsp+Y43HYDQ=
github.com/go-logr/logr v1.2.4/go.mod h1:jdQByPbusPIv2/zmleS9BjJVeZ6kBagPoEUsqbVz/1A=
github.com/go-ole/go-ole v1.3.0 h1:Dt6ye7+vXGIKZ7Xtk4s6/xVdGDQynvom7xCFEdWr6uE=
github.com/go-ole/go-ole v1.3.0/go.mod h1:5LS6F96DhAwUc7C+1HLexzMXY1xGRSryjyPPKW6zv78=
github.com/go-stack/stack v1.8.0 h1:5SgMzNM5HxrEjV0ww2lTmX6E2Izsfxas4+YHWRs3Lsk=
github.com/go-stack/stack v1.8.0/go.mod h1:v0f6uXyyMGvRgIKkXu+yp6POWl0qKG85gN/melR3HDY=
github.com/go-task/slim-sprig v0.0.0-20230315185526-52ccab3ef572 h1:tfuBGBXKqDEevZMzYi5KSi8KkcZtzBcTgAUUtapy0OI=
github.com/go-task/slim-sprig v0.0.0-20230315185526-52ccab3ef572/go.mod h1:9Pwr4B2jHnOSGXyyzV8ROjYa2ojvAY6HCGYYfMoC3Ls=
github.com/gobwas/httphead v0.1.0 h1:exrUm0f4YX0L7EBwZHuCF4GDp8aJfVeBrlLQrs6NqWU=
github.com/gobwas/httphead v0.1.0/go.mod h1:O/RXo79gxV8G+RqlR/otEwx4Q36zl9rqC5u12GKvMCM=
github.com/gobwas/pool v0.2.1 h1:xfeeEhW7pwmX8nuLVlqbzVc7udMDrwetjEv+TZIz1og=
github.com/gobwas/pool v0.2.1/go.mod h1:q8bcK0KcYlCgd9e7WYLm9LpyS+YeLd8JVDW6WezmKEw=
github.com/godbus/dbus/v5 v5.1.0 h1:4KLkAxT3aOY8Li4FRJe/KvhoNFFxo0m6fNuFUO8QJUk=
github.com/godbus/dbus/v5 v5.1.0/go.mod h1:xhWf0FNVPg57R7Z0UbKHbJfkEywrmjJnf7w5xrFpKfA=
github.com/gofrs/uuid/v5 v5.0.0 h1:p544++a97kEL+svbcFbCQVM9KFu0Yo25UoISXGNNH9M=
github.com/gofrs/uuid/v5 v5.0.0/go.mod h1:CDOjlDMVAtN56jqyRUZh58JT31Tiw7/oQyEXZV+9bD8=
github.com/golang/protobuf v1.5.4 h1:i7eJL8qZTpSEXOPTxNKhASYpMn+8e5Q6AdndVa1dWek=
github.com/golang/protobuf v1.5.4/go.mod h1:lnTiLA8Wa4RWRcIUkrtSVa5nRhsEGBg48fD6rSs7xps=
github.com/google/btree v1.1.2 h1:xf4v41cLI2Z6FxbKm+8Bu+m8ifhj15JuZ9sa0jZCMUU=
github.com/google/btree v1.1.2/go.mod h1:qOPhT0dTNdNzV6Z/lhRX0YXUafgPLFUh+gZMl761Gm4=
github.com/google/go-cmp v0.6.0 h1:ofyhxvXcZhMsU5ulbFiLKl/XBFqE1GSq7atu8tAmTRI=
github.com/google/go-cmp v0.6.0/go.mod h1:17dUlkBOakJ0+DkrSSNjCkIjxS6bF9zb3elmeNGIjoY=
github.com/google/pprof v0.0.0-20231101202521-4ca4178f5c7a h1:fEBsGL/sjAuJrgah5XqmmYsTLzJp/TO9Lhy39gkverk=
github.com/google/pprof v0.0.0-20231101202521-4ca4178f5c7a/go.mod h1:czg5+yv1E0ZGTi6S6vVK1mke0fV+FaUhNGcd6VRS9Ik=
github.com/google/uuid v1.6.0 h1:NIvaJDMOsjHA8n1jAhLSgzrAzy1Hgr+hNrb57e+94F0=
github.com/google/uuid v1.6.0/go.mod h1:TIyPZe4MgqvfeYDBFedMoGGpEw/LqOeaOT+nhxU+yHo=
github.com/hashicorp/yamux v0.1.1 h1:yrQxtgseBDrq9Y652vSRDvsKCJKOUD+GzTS4Y0Y8pvE=
github.com/hashicorp/yamux v0.1.1/go.mod h1:CtWFDAQgb7dxtzFs4tWbplKIe2jSi3+5vKbgIO0SLnQ=
github.com/insomniacslk/dhcp v0.0.0-20231206064809-8c70d406f6d2 h1:9K06NfxkBh25x56yVhWWlKFE8YpicaSfHwoV8SFbueA=
github.com/insomniacslk/dhcp v0.0.0-20231206064809-8c70d406f6d2/go.mod h1:3A9PQ1cunSDF/1rbTq99Ts4pVnycWg+vlPkfeD2NLFI=
github.com/jchv/go-winloader v0.0.0-20210711035445-715c2860da7e h1:Q3+PugElBCf4PFpxhErSzU3/PY5sFL5Z6rfv4AbGAck=
github.com/jchv/go-winloader v0.0.0-20210711035445-715c2860da7e/go.mod h1:alcuEEnZsY1WQsagKhZDsoPCRoOijYqhZvPwLG0kzVs=
github.com/josharian/native v1.0.1-0.20221213033349-c1e37c09b531/go.mod h1:7X/raswPFr05uY3HiLlYeyQntB6OO7E/d2Cu7qoaN2w=
github.com/josharian/native v1.1.0 h1:uuaP0hAbW7Y4l0ZRQ6C9zfb7Mg1mbFKry/xzDAfmtLA=
github.com/josharian/native v1.1.0/go.mod h1:7X/raswPFr05uY3HiLlYeyQntB6OO7E/d2Cu7qoaN2w=
github.com/klauspost/compress v1.17.4 h1:Ej5ixsIri7BrIjBkRZLTo6ghwrEtHFk7ijlczPW4fZ4=
github.com/klauspost/compress v1.17.4/go.mod h1:/dCuZOvVtNoHsyb+cuJD3itjs3NbnF6KH9zAO4BDxPM=
github.com/klauspost/cpuid/v2 v2.0.12/go.mod h1:g2LTdtYhdyuGPqyWyv7qRAmj1WBqxuObKfj5c0PQa7c=
github.com/klauspost/cpuid/v2 v2.2.5 h1:0E5MSMDEoAulmXNFquVs//DdoomxaoTY1kUhbc/qbZg=
github.com/klauspost/cpuid/v2 v2.2.5/go.mod h1:Lcz8mBdAVJIBVzewtcLocK12l3Y+JytZYpaMropDUws=
github.com/kr/pretty v0.1.0/go.mod h1:dAy3ld7l9f0ibDNOQOHHMYYIIbhfbHSm3C4ZsoJORNo=
github.com/kr/pty v1.1.1/go.mod h1:pFQYn66WHrOpPYNljwOMqo10TkYh1fy3cYio2l3bCsQ=
github.com/kr/text v0.1.0/go.mod h1:4Jbv+DJW3UT/LiOwJeYQe1efqtUx/iVham/4vfdArNI=
github.com/labstack/echo/v4 v4.10.2 h1:n1jAhnq/elIFTHr1EYpiYtyKgx4RW9ccVgkqByZaN2M=
github.com/labstack/echo/v4 v4.10.2/go.mod h1:OEyqf2//K1DFdE57vw2DRgWY0M7s65IVQO2FzvI4J5k=
github.com/labstack/gommon v0.4.0 h1:y7cvthEAEbU0yHOf4axH8ZG2NH8knB9iNSoTO8dyIk8=
github.com/labstack/gommon v0.4.0/go.mod h1:uW6kP17uPlLJsD3ijUYn3/M5bAxtlZhMI6m3MFxTMTM=
github.com/leaanthony/debme v1.2.1 h1:9Tgwf+kjcrbMQ4WnPcEIUcQuIZYqdWftzZkBr+i/oOc=
github.com/leaanthony/debme v1.2.1/go.mod h1:3V+sCm5tYAgQymvSOfYQ5Xx2JCr+OXiD9Jkw3otUjiA=
github.com/leaanthony/go-ansi-parser v1.6.0 h1:T8TuMhFB6TUMIUm0oRrSbgJudTFw9csT3ZK09w0t4Pg=
github.com/leaanthony/go-ansi-parser v1.6.0/go.mod h1:+vva/2y4alzVmmIEpk9QDhA7vLC5zKDTRwfZGOp3IWU=
github.com/leaanthony/gosod v1.0.3 h1:Fnt+/B6NjQOVuCWOKYRREZnjGyvg+mEhd1nkkA04aTQ=
github.com/leaanthony/gosod v1.0.3/go.mod h1:BJ2J+oHsQIyIQpnLPjnqFGTMnOZXDbvWtRCSG7jGxs4=
github.com/leaanthony/slicer v1.5.0/go.mod h1:FwrApmf8gOrpzEWM2J/9Lh79tyq8KTX5AzRtwV7m4AY=
github.com/leaanthony/slicer v1.6.0 h1:1RFP5uiPJvT93TAHi+ipd3NACobkW53yUiBqZheE/Js=
github.com/leaanthony/slicer v1.6.0/go.mod h1:o/Iz29g7LN0GqH3aMjWAe90381nyZlDNquK+mtH2Fj8=
github.com/leaanthony/u v1.1.0 h1:2n0d2BwPVXSUq5yhe8lJPHdxevE2qK5G99PMStMZMaI=
github.com/leaanthony/u v1.1.0/go.mod h1:9+o6hejoRljvZ3BzdYlVL0JYCwtnAsVuN9pVTQcaRfI=
github.com/libdns/alidns v1.0.3 h1:LFHuGnbseq5+HCeGa1aW8awyX/4M2psB9962fdD2+yQ=
github.com/libdns/alidns v1.0.3/go.mod h1:e18uAG6GanfRhcJj6/tps2rCMzQJaYVcGKT+ELjdjGE=
github.com/libdns/cloudflare v0.1.1 h1:FVPfWwP8zZCqj268LZjmkDleXlHPlFU9KC4OJ3yn054=
github.com/libdns/cloudflare v0.1.1/go.mod h1:9VK91idpOjg6v7/WbjkEW49bSCxj00ALesIFDhJ8PBU=
github.com/libdns/libdns v0.2.0/go.mod h1:yQCXzk1lEZmmCPa857bnk4TsOiqYasqpyOEeSObbb40=
github.com/libdns/libdns v0.2.2 h1:O6ws7bAfRPaBsgAYt8MDe2HcNBGC29hkZ9MX2eUSX3s=
github.com/libdns/libdns v0.2.2/go.mod h1:4Bj9+5CQiNMVGf87wjX4CY3HQJypUHRuLvlsfsZqLWQ=
github.com/logrusorgru/aurora v2.0.3+incompatible h1:tOpm7WcpBTn4fjmVfgpQq0EfczGlG91VSDkswnjF5A8=
github.com/logrusorgru/aurora v2.0.3+incompatible/go.mod h1:7rIyQOR62GCctdiQpZ/zOJlFyk6y+94wXzv6RNZgaR4=
github.com/matryer/is v1.4.0 h1:sosSmIWwkYITGrxZ25ULNDeKiMNzFSr4V/eqBQP0PeE=
github.com/matryer/is v1.4.0/go.mod h1:8I/i5uYgLzgsgEloJE1U6xx5HkBQpAZvepWuujKwMRU=
github.com/mattn/go-colorable v0.1.11/go.mod h1:u5H1YNBxpqRaxsYJYSkiCWKzEfiAb1Gb520KVy5xxl4=
github.com/mattn/go-colorable v0.1.13 h1:fFA4WZxdEF4tXPZVKMLwD8oUnCTTo08duU7wxecdEvA=
github.com/mattn/go-colorable v0.1.13/go.mod h1:7S9/ev0klgBDR4GtXTXX8a3vIGJpMovkB8vQcUbaXHg=
github.com/mattn/go-isatty v0.0.14/go.mod h1:7GGIvUiUoEMVVmxf/4nioHXj79iQHKdU27kJ6hsGG94=
github.com/mattn/go-isatty v0.0.16/go.mod h1:kYGgaQfpe5nmfYZH+SKPsOc2e4SrIfOl2e/yFXSvRLM=
github.com/mattn/go-isatty v0.0.19 h1:JITubQf0MOLdlGRuRq+jtsDlekdYPia9ZFsB8h/APPA=
github.com/mattn/go-isatty v0.0.19/go.mod h1:W+V8PltTTMOvKvAeJH7IuucS94S2C6jfK/D7dTCTo3Y=
github.com/mholt/acmez v1.2.0 h1:1hhLxSgY5FvH5HCnGUuwbKY2VQVo8IU7rxXKSnZ7F30=
github.com/mholt/acmez v1.2.0/go.mod h1:VT9YwH1xgNX1kmYY89gY8xPJC84BFAisjo8Egigt4kE=
github.com/miekg/dns v1.1.58 h1:ca2Hdkz+cDg/7eNF6V56jjzuZ4aCAE+DbVkILdQWG/4=
github.com/miekg/dns v1.1.58/go.mod h1:Ypv+3b/KadlvW9vJfXOTf300O4UqaHFzFCuHz+rPkBY=
github.com/onsi/ginkgo/v2 v2.9.7 h1:06xGQy5www2oN160RtEZoTvnP2sPhEfePYmCDc2szss=
github.com/onsi/ginkgo/v2 v2.9.7/go.mod h1:cxrmXWykAwTwhQsJOPfdIDiJ+l2RYq7U8hFU+M/1uw0=
github.com/onsi/gomega v1.27.7 h1:fVih9JD6ogIiHUN6ePK7HJidyEDpWGVB5mzM7cWNXoU=
github.com/onsi/gomega v1.27.7/go.mod h1:1p8OOlwo2iUUDsHnOrjE5UKYJ+e3W8eQ3qSlRahPmr4=
github.com/ooni/go-libtor v1.1.8 h1:Wo3V3DVTxl5vZdxtQakqYP+DAHx7pPtAFSl1bnAa08w=
github.com/ooni/go-libtor v1.1.8/go.mod h1:q1YyLwRD9GeMyeerVvwc0vJ2YgwDLTp2bdVcrh/JXyI=
github.com/oschwald/maxminddb-golang v1.12.0 h1:9FnTOD0YOhP7DGxGsq4glzpGy5+w7pq50AS6wALUMYs=
github.com/oschwald/maxminddb-golang v1.12.0/go.mod h1:q0Nob5lTCqyQ8WT6FYgS1L7PXKVVbgiymefNwIjPzgY=
github.com/oxtoacart/bpool v0.0.0-20190530202638-03653db5a59c h1:rp5dCmg/yLR3mgFuSOe4oEnDDmGLROTvMragMUXpTQw=
github.com/oxtoacart/bpool v0.0.0-20190530202638-03653db5a59c/go.mod h1:X07ZCGwUbLaax7L0S3Tw4hpejzu63ZrrQiUe6W0hcy0=
github.com/pierrec/lz4/v4 v4.1.14 h1:+fL8AQEZtz/ijeNnpduH0bROTu0O3NZAlPjQxGn8LwE=
github.com/pierrec/lz4/v4 v4.1.14/go.mod h1:gZWDp/Ze/IJXGXf23ltt2EXimqmTUXEy0GFuRQyBid4=
github.com/pkg/browser v0.0.0-20210911075715-681adbf594b8 h1:KoWmjvw+nsYOo29YJK9vDA65RGE3NrOnUtO7a+RF9HU=
github.com/pkg/browser v0.0.0-20210911075715-681adbf594b8/go.mod h1:HKlIX3XHQyzLZPlr7++PzdhaXEj94dEiJgZDTsxEqUI=
github.com/pkg/errors v0.8.1/go.mod h1:bwawxfHBFNV+L2hUp1rHADufV3IMtnDRdf1r5NINEl0=
github.com/pkg/errors v0.9.1 h1:FEBLx1zS214owpjy7qsBeixbURkuhQAwrK5UwLGTwt4=
github.com/pkg/errors v0.9.1/go.mod h1:bwawxfHBFNV+L2hUp1rHADufV3IMtnDRdf1r5NINEl0=
github.com/pmezard/go-difflib v1.0.0 h1:4DBwDE0NGyQoBHbLQYPwSUPoCMWR5BEzIk/f1lZbAQM=
github.com/pmezard/go-difflib v1.0.0/go.mod h1:iKH77koFhYxTK1pcRnkKkqfTogsbg7gZNVY4sRDYZ/4=
github.com/quic-go/qpack v0.4.0 h1:Cr9BXA1sQS2SmDUWjSofMPNKmvF6IiIfDRmgU0w1ZCo=
github.com/quic-go/qpack v0.4.0/go.mod h1:UZVnYIfi5GRk+zI9UMaCPsmZ2xKJP7XBUvVyT1Knj9A=
github.com/quic-go/qtls-go1-20 v0.4.1 h1:D33340mCNDAIKBqXuAvexTNMUByrYmFYVfKfDN5nfFs=
github.com/quic-go/qtls-go1-20 v0.4.1/go.mod h1:X9Nh97ZL80Z+bX/gUXMbipO6OxdiDi58b/fMC9mAL+k=
github.com/rivo/uniseg v0.2.0/go.mod h1:J6wj4VEh+S6ZtnVlnTBMWIodfgj8LQOQFoIToxlJtxc=
github.com/rivo/uniseg v0.4.4 h1:8TfxU8dW6PdqD27gjM8MVNuicgxIjxpm4K7x4jp8sis=
github.com/rivo/uniseg v0.4.4/go.mod h1:FN3SvrM+Zdj16jyLfmOkMNblXMcoc8DfTHruCPUcx88=
github.com/sagernet/bbolt v0.0.0-20231014093535-ea5cb2fe9f0a h1:+NkI2670SQpQWvkkD2QgdTuzQG263YZ+2emfpeyGqW0=
github.com/sagernet/bbolt v0.0.0-20231014093535-ea5cb2fe9f0a/go.mod h1:63s7jpZqcDAIpj8oI/1v4Izok+npJOHACFCU6+huCkM=
github.com/sagernet/cloudflare-tls v0.0.0-20231208171750-a4483c1b7cd1 h1:YbmpqPQEMdlk9oFSKYWRqVuu9qzNiOayIonKmv1gCXY=
github.com/sagernet/cloudflare-tls v0.0.0-20231208171750-a4483c1b7cd1/go.mod h1:J2yAxTFPDjrDPhuAi9aWFz2L3ox9it4qAluBBbN0H5k=
github.com/sagernet/gvisor v0.0.0-20231209105102-8d27a30e436e h1:DOkjByVeAR56dkszjnMZke4wr7yM/1xHaJF3G9olkEE=
github.com/sagernet/gvisor v0.0.0-20231209105102-8d27a30e436e/go.mod h1:fLxq/gtp0qzkaEwywlRRiGmjOK5ES/xUzyIKIFP2Asw=
github.com/sagernet/netlink v0.0.0-20220905062125-8043b4a9aa97 h1:iL5gZI3uFp0X6EslacyapiRz7LLSJyr4RajF/BhMVyE=
github.com/sagernet/netlink v0.0.0-20220905062125-8043b4a9aa97/go.mod h1:xLnfdiJbSp8rNqYEdIW/6eDO4mVoogml14Bh2hSiFpM=
github.com/sagernet/quic-go v0.40.1 h1:qLeTIJR0d0JWRmDWo346nLsVN6EWihd1kalJYPEd0TM=
github.com/sagernet/quic-go v0.40.1/go.mod h1:CcKTpzTAISxrM4PA5M20/wYuz9Tj6Tx4DwGbNl9UQrU=
github.com/sagernet/reality v0.0.0-20230406110435-ee17307e7691 h1:5Th31OC6yj8byLGkEnIYp6grlXfo1QYUfiYFGjewIdc=
github.com/sagernet/reality v0.0.0-20230406110435-ee17307e7691/go.mod h1:B8lp4WkQ1PwNnrVMM6KyuFR20pU8jYBD+A4EhJovEXU=
github.com/sagernet/sing v0.2.18/go.mod h1:OL6k2F0vHmEzXz2KW19qQzu172FDgSbUSODylighuVo=
github.com/sagernet/sing v0.3.8 h1:gm4JKalPhydMYX2zFOTnnd4TXtM/16WFRqSjMepYQQk=
github.com/sagernet/sing v0.3.8/go.mod h1:+60H3Cm91RnL9dpVGWDPHt0zTQImO9Vfqt9a4rSambI=
github.com/sagernet/sing-box v1.8.11 h1:oqHj8sIuzN9GOF+9t+1vJ/FSzv54sXJUt26oS4VO5ck=
github.com/sagernet/sing-box v1.8.11/go.mod h1:cB8xHY208gVw3n4umnAfIMUOJ2Kzt0Uz+gUIcjczsb0=
github.com/sagernet/sing-dns v0.1.14 h1:kxE/Ik3jMXmD3sXsdt9MgrNzLFWt64mghV+MQqzyf40=
github.com/sagernet/sing-dns v0.1.14/go.mod h1:AA+vZMNovuPN5i/sPnfF6756Nq94nzb5nXodMWbta5w=
github.com/sagernet/sing-mux v0.2.0 h1:4C+vd8HztJCWNYfufvgL49xaOoOHXty2+EAjnzN3IYo=
github.com/sagernet/sing-mux v0.2.0/go.mod h1:khzr9AOPocLa+g53dBplwNDz4gdsyx/YM3swtAhlkHQ=
github.com/sagernet/sing-quic v0.1.11 h1:dbR59s46YSzRGQGnVEcDf0HzO/No9mTd1G+r1A+i9ug=
github.com/sagernet/sing-quic v0.1.11/go.mod h1:h0aGDbZr98RLwqXJ4KAr9YES9MBAYhOZ5H23xSjEVzA=
github.com/sagernet/sing-shadowsocks v0.2.6 h1:xr7ylAS/q1cQYS8oxKKajhuQcchd5VJJ4K4UZrrpp0s=
github.com/sagernet/sing-shadowsocks v0.2.6/go.mod h1:j2YZBIpWIuElPFL/5sJAj470bcn/3QQ5lxZUNKLDNAM=
github.com/sagernet/sing-shadowsocks2 v0.2.0 h1:wpZNs6wKnR7mh1wV9OHwOyUr21VkS3wKFHi+8XwgADg=
github.com/sagernet/sing-shadowsocks2 v0.2.0/go.mod h1:RnXS0lExcDAovvDeniJ4IKa2IuChrdipolPYWBv9hWQ=
github.com/sagernet/sing-shadowtls v0.1.4 h1:aTgBSJEgnumzFenPvc+kbD9/W0PywzWevnVpEx6Tw3k=
github.com/sagernet/sing-shadowtls v0.1.4/go.mod h1:F8NBgsY5YN2beQavdgdm1DPlhaKQlaL6lpDdcBglGK4=
github.com/sagernet/sing-tun v0.2.6 h1:FKXzh34uuO5RStBgf3Zi+Txan5eS9YTVOQrJRAbJBHk=
github.com/sagernet/sing-tun v0.2.6/go.mod h1:MKAAHUzVfj7d9zos4lsz6wjXu86/mJyd/gejiAnWj/w=
github.com/sagernet/sing-vmess v0.1.8 h1:XVWad1RpTy9b5tPxdm5MCU8cGfrTGdR8qCq6HV2aCNc=
github.com/sagernet/sing-vmess v0.1.8/go.mod h1:vhx32UNzTDUkNwOyIjcZQohre1CaytquC5mPplId8uA=
github.com/sagernet/smux v0.0.0-20231208180855-7041f6ea79e7 h1:DImB4lELfQhplLTxeq2z31Fpv8CQqqrUwTbrIRumZqQ=
github.com/sagernet/smux v0.0.0-20231208180855-7041f6ea79e7/go.mod h1:FP9X2xjT/Az1EsG/orYYoC+5MojWnuI7hrffz8fGwwo=
github.com/sagernet/tfo-go v0.0.0-20231209031829-7b5343ac1dc6 h1:z3SJQhVyU63FT26Wn/UByW6b7q8QKB0ZkPqsyqcz2PI=
github.com/sagernet/tfo-go v0.0.0-20231209031829-7b5343ac1dc6/go.mod h1:73xRZuxwkFk4aiLw28hG8W6o9cr2UPrGL9pdY2UTbvY=
github.com/sagernet/utls v1.5.4 h1:KmsEGbB2dKUtCNC+44NwAdNAqnqQ6GA4pTO0Yik56co=
github.com/sagernet/utls v1.5.4/go.mod h1:CTGxPWExIloRipK3XFpYv0OVyhO8kk3XCGW/ieyTh1s=
github.com/sagernet/wireguard-go v0.0.0-20231215174105-89dec3b2f3e8 h1:R0OMYAScomNAVpTfbHFpxqJpvwuhxSRi+g6z7gZhABs=
github.com/sagernet/wireguard-go v0.0.0-20231215174105-89dec3b2f3e8/go.mod h1:K4J7/npM+VAMUeUmTa2JaA02JmyheP0GpRBOUvn3ecc=
github.com/sagernet/ws v0.0.0-20231204124109-acfe8907c854 h1:6uUiZcDRnZSAegryaUGwPC/Fj13JSHwiTftrXhMmYOc=
github.com/sagernet/ws v0.0.0-20231204124109-acfe8907c854/go.mod h1:LtfoSK3+NG57tvnVEHgcuBW9ujgE8enPSgzgwStwCAA=
github.com/samber/lo v1.38.1 h1:j2XEAqXKb09Am4ebOg31SpvzUTTs6EN3VfgeLUhPdXM=
github.com/samber/lo v1.38.1/go.mod h1:+m/ZKRl6ClXCE2Lgf3MsQlWfh4bn1bz6CXEOxnEXnEA=
github.com/stretchr/objx v0.1.0/go.mod h1:HFkY916IF+rwdDfMAkV7OtwuqBVzrE8GR6GFx+wExME=
github.com/stretchr/testify v1.3.0/go.mod h1:M5WIy9Dh21IEIfnGCwXGc5bZfKNJtfHm1UVUgZn+9EI=
github.com/stretchr/testify v1.6.1/go.mod h1:6Fq8oRcR53rry900zMqJjRRixrwX3KX962/h/Wwjteg=
github.com/stretchr/testify v1.7.0/go.mod h1:6Fq8oRcR53rry900zMqJjRRixrwX3KX962/h/Wwjteg=
github.com/stretchr/testify v1.9.0 h1:HtqpIVDClZ4nwg75+f6Lvsy/wHu+3BoSGCbBAcpTsTg=
github.com/stretchr/testify v1.9.0/go.mod h1:r2ic/lqez/lEtzL7wO/rwa5dbSLXVDPFyf8C91i36aY=
github.com/tkrajina/go-reflector v0.5.6 h1:hKQ0gyocG7vgMD2M3dRlYN6WBBOmdoOzJ6njQSepKdE=
github.com/tkrajina/go-reflector v0.5.6/go.mod h1:ECbqLgccecY5kPmPmXg1MrHW585yMcDkVl6IvJe64T4=
github.com/u-root/uio v0.0.0-20230220225925-ffce2a382923 h1:tHNk7XK9GkmKUR6Gh8gVBKXc2MVSZ4G/NnWLtzw4gNA=
github.com/u-root/uio v0.0.0-20230220225925-ffce2a382923/go.mod h1:eLL9Nub3yfAho7qB0MzZizFhTU2QkLeoVsWdHtDW264=
github.com/valyala/bytebufferpool v1.0.0 h1:GqA5TC/0021Y/b9FG4Oi9Mr3q7XYx6KllzawFIhcdPw=
github.com/valyala/bytebufferpool v1.0.0/go.mod h1:6bBcMArwyJ5K/AmCkWv1jt77kVWyCJ6HpOuEn7z0Csc=
github.com/valyala/fasttemplate v1.2.1/go.mod h1:KHLXt3tVN2HBp8eijSv/kGJopbvo7S+qRAEEKiv+SiQ=
github.com/valyala/fasttemplate v1.2.2 h1:lxLXG0uE3Qnshl9QyaK6XJxMXlQZELvChBOCmQD0Loo=
github.com/valyala/fasttemplate v1.2.2/go.mod h1:KHLXt3tVN2HBp8eijSv/kGJopbvo7S+qRAEEKiv+SiQ=
github.com/vishvananda/netns v0.0.0-20211101163701-50045581ed74 h1:gga7acRE695APm9hlsSMoOoE65U4/TcqNj90mc69Rlg=
github.com/vishvananda/netns v0.0.0-20211101163701-50045581ed74/go.mod h1:DD4vA1DwXk04H54A1oHXtwZmA0grkVMdPxx/VGLCah0=
github.com/wailsapp/go-webview2 v1.0.10 h1:PP5Hug6pnQEAhfRzLCoOh2jJaPdrqeRgJKZhyYyDV/w=
github.com/wailsapp/go-webview2 v1.0.10/go.mod h1:Uk2BePfCRzttBBjFrBmqKGJd41P6QIHeV9kTgIeOZNo=
github.com/wailsapp/mimetype v1.4.1 h1:pQN9ycO7uo4vsUUuPeHEYoUkLVkaRntMnHJxVwYhwHs=
github.com/wailsapp/mimetype v1.4.1/go.mod h1:9aV5k31bBOv5z6u+QP8TltzvNGJPmNJD4XlAL3U+j3o=
github.com/wailsapp/wails/v2 v2.8.1 h1:KAudNjlFaiXnDfFEfSNoLoibJ1ovoutSrJ8poerTPW0=
github.com/wailsapp/wails/v2 v2.8.1/go.mod h1:EFUGWkUX3KofO4fmKR/GmsLy3HhPH7NbyOEaMt8lBF0=
github.com/yuin/goldmark v1.3.5/go.mod h1:mwnBkeHKe2W/ZEtQ+71ViKU8L12m81fl3OWwC1Zlc8k=
github.com/zeebo/assert v1.1.0 h1:hU1L1vLTHsnO8x8c9KAR5GmM5QscxHg5RNU5z5qbUWY=
github.com/zeebo/assert v1.1.0/go.mod h1:Pq9JiuJQpG8JLJdtkwrJESF0Foym2/D9XMU5ciN/wJ0=
github.com/zeebo/blake3 v0.2.3 h1:TFoLXsjeXqRNFxSbk35Dk4YtszE/MQQGK10BH4ptoTg=
github.com/zeebo/blake3 v0.2.3/go.mod h1:mjJjZpnsyIVtVgTOSpJ9vmRE4wgDeyt2HU3qXvvKCaQ=
github.com/zeebo/pcg v1.0.1 h1:lyqfGeWiv4ahac6ttHs+I5hwtH/+1mrhlCtVNQM2kHo=
github.com/zeebo/pcg v1.0.1/go.mod h1:09F0S9iiKrwn9rlI5yjLkmrug154/YRW6KnnXVDM/l4=
go.uber.org/atomic v1.7.0/go.mod h1:fEN4uk6kAWBTFdckzkM89CLk9XfWZrxpCo0nPH17wJc=
go.uber.org/goleak v1.1.11-0.20210813005559-691160354723/go.mod h1:cwTWslyiVhfpKIDGSZEM2HlOvcqm+tG4zioyIeLoqMQ=
go.uber.org/goleak v1.3.0 h1:2K3zAYmnTNqV73imy9J1T3WC+gmCePx2hEGkimedGto=
go.uber.org/goleak v1.3.0/go.mod h1:CoHD4mav9JJNrW/WLlf7HGZPjdw8EucARQHekz1X6bE=
go.uber.org/multierr v1.6.0/go.mod h1:cdWPpRnG4AhwMwsgIHip0KRBQjJy5kYEpYjJxpXp9iU=
go.uber.org/multierr v1.11.0 h1:blXXJkSxSSfBVBlC76pxqeO+LN3aDfLQo+309xJstO0=
go.uber.org/multierr v1.11.0/go.mod h1:20+QtiLqy0Nd6FdQB9TLXag12DsQkrbs3htMFfDN80Y=
go.uber.org/zap v1.19.1/go.mod h1:j3DNczoxDZroyBnOT1L/Q79cfUMGZxlv/9dzN7SM1rI=
go.uber.org/zap v1.27.0 h1:aJMhYGrd5QSmlpLMr2MftRKl7t8J8PTZPA732ud/XR8=
go.uber.org/zap v1.27.0/go.mod h1:GB2qFLM7cTU87MWRP2mPIjqfIDnGu+VIO4V/SdhGo2E=
go4.org/netipx v0.0.0-20231129151722-fdeea329fbba h1:0b9z3AuHCjxk0x/opv64kcgZLBseWJUpBw5I82+2U4M=
go4.org/netipx v0.0.0-20231129151722-fdeea329fbba/go.mod h1:PLyyIXexvUFg3Owu6p/WfdlivPbZJsZdgWZlrGope/Y=
golang.org/x/crypto v0.0.0-20190308221718-c2843e01d9a2/go.mod h1:djNgcEr1/C05ACkg1iLfiJU5Ep61QUkGW8qpdssI0+w=
golang.org/x/crypto v0.0.0-20190404164418-38d8ce5564a5/go.mod h1:WFFai1msRO1wXaEeE5yQxYXgSfI8pQAWXbQop6sCtWE=
golang.org/x/crypto v0.0.0-20191011191535-87dc89f01550/go.mod h1:yigFU9vqHzYiE8UmvKecakEJjdnWj3jj499lnFckfCI=
golang.org/x/crypto v0.0.0-20210513164829-c07d793c2f9a/go.mod h1:P+XmwS30IXTQdn5tA2iutPOUgjI07+tq3H3K9MVA1s8=
golang.org/x/crypto v0.22.0 h1:g1v0xeRhjcugydODzvb3mEM9SQ0HGp9s/nh3COQ/C30=
golang.org/x/crypto v0.22.0/go.mod h1:vr6Su+7cTlO45qkww3VDJlzDn0ctJvRgYbC2NvXHt+M=
golang.org/x/exp v0.0.0-20240325151524-a685a6edb6d8 h1:aAcj0Da7eBAtrTp03QXWvm88pSyOt+UgdZw2BFZ+lEw=
golang.org/x/exp v0.0.0-20240325151524-a685a6edb6d8/go.mod h1:CQ1k9gNrJ50XIzaKCRR2hssIjF07kZFEiieALBM/ARQ=
golang.org/x/lint v0.0.0-20190930215403-16217165b5de/go.mod h1:6SW0HCj/g11FgYtHlgUYUwCkIfeOF89ocIRzGO/8vkc=
golang.org/x/mod v0.4.2/go.mod h1:s0Qsj1ACt9ePp/hMypM3fl4fZqREWJwdYDEqhRiZZUA=
golang.org/x/mod v0.16.0 h1:QX4fJ0Rr5cPQCF7O9lh9Se4pmwfwskqZfq5moyldzic=
golang.org/x/mod v0.16.0/go.mod h1:hTbmBsO62+eylJbnUtE2MGJUyE7QWk4xUqPFrRgJ+7c=
golang.org/x/net v0.0.0-20190311183353-d8887717615a/go.mod h1:t9HGtf8HONx5eT2rtn7q6eTqICYqUVnKs3thJo3Qplg=
golang.org/x/net v0.0.0-20190404232315-eb5bcb51f2a3/go.mod h1:t9HGtf8HONx5eT2rtn7q6eTqICYqUVnKs3thJo3Qplg=
golang.org/x/net v0.0.0-20190620200207-3b0461eec859/go.mod h1:z5CRVTTTmAJ677TzLLGU+0bjPO0LkuOLi4/5GtJWs/s=
golang.org/x/net v0.0.0-20210226172049-e18ecbb05110/go.mod h1:m0MpNAwzfU5UDzcl9v0D8zg8gWTRqZa9RBIspLL5mdg=
golang.org/x/net v0.0.0-20210405180319-a5a99cb37ef4/go.mod h1:p54w0d4576C0XHj96bSt6lcn1PtDYWL6XObtHCRCNQM=
golang.org/x/net v0.0.0-20210505024714-0287a6fb4125/go.mod h1:9nx3DQGgdP8bBQD5qxJ1jj9UTztislL4KSBs9R2vV5Y=
golang.org/x/net v0.0.0-20210525063256-abc453219eb5/go.mod h1:9nx3DQGgdP8bBQD5qxJ1jj9UTztislL4KSBs9R2vV5Y=
golang.org/x/net v0.24.0 h1:1PcaxkF854Fu3+lvBIx5SYn9wRlBzzcnHZSiaFFAb0w=
golang.org/x/net v0.24.0/go.mod h1:2Q7sJY5mzlzWjKtYUEXSlBWCdyaioyXzRB2RtU8KVE8=
golang.org/x/sync v0.0.0-20190423024810-112230192c58/go.mod h1:RxMgew5VJxzue5/jJTE5uejpjVlOe/izrB70Jof72aM=
golang.org/x/sync v0.0.0-20210220032951-036812b2e83c/go.mod h1:RxMgew5VJxzue5/jJTE5uejpjVlOe/izrB70Jof72aM=
golang.org/x/sync v0.6.0 h1:5BMeUDZ7vkXGfEr1x9B4bRcTH4lpkTkpdh0T/J+qjbQ=
golang.org/x/sync v0.6.0/go.mod h1:Czt+wKu1gCyEFDUtn0jG5QVvpJ6rzVqr5aXyt9drQfk=
golang.org/x/sys v0.0.0-20190215142949-d0b11bdaac8a/go.mod h1:STP8DvDyc/dI5b8T5hshtkjS+E42TnysNCUPdjciGhY=
golang.org/x/sys v0.0.0-20190403152447-81d4e9dc473e/go.mod h1:h1NjWce9XRLGQEsW7wpKNCjG9DtNlClVuFLEZdDNbEs=
golang.org/x/sys v0.0.0-20190412213103-97732733099d/go.mod h1:h1NjWce9XRLGQEsW7wpKNCjG9DtNlClVuFLEZdDNbEs=
golang.org/x/sys v0.0.0-20200217220822-9197077df867/go.mod h1:h1NjWce9XRLGQEsW7wpKNCjG9DtNlClVuFLEZdDNbEs=
golang.org/x/sys v0.0.0-20200810151505-1b9f1253b3ed/go.mod h1:h1NjWce9XRLGQEsW7wpKNCjG9DtNlClVuFLEZdDNbEs=
golang.org/x/sys v0.0.0-20201119102817-f84b799fce68/go.mod h1:h1NjWce9XRLGQEsW7wpKNCjG9DtNlClVuFLEZdDNbEs=
golang.org/x/sys v0.0.0-20210330210617-4fbd30eecc44/go.mod h1:h1NjWce9XRLGQEsW7wpKNCjG9DtNlClVuFLEZdDNbEs=
golang.org/x/sys v0.0.0-20210423082822-04245dca01da/go.mod h1:h1NjWce9XRLGQEsW7wpKNCjG9DtNlClVuFLEZdDNbEs=
golang.org/x/sys v0.0.0-20210510120138-977fb7262007/go.mod h1:oPkhp1MJrh7nUepCBck5+mAzfO9JrbApNNgaTdGDITg=
golang.org/x/sys v0.0.0-20210616045830-e2b7044e8c71/go.mod h1:oPkhp1MJrh7nUepCBck5+mAzfO9JrbApNNgaTdGDITg=
golang.org/x/sys v0.0.0-20210630005230-0f9fa26af87c/go.mod h1:oPkhp1MJrh7nUepCBck5+mAzfO9JrbApNNgaTdGDITg=
golang.org/x/sys v0.0.0-20210927094055-39ccf1dd6fa6/go.mod h1:oPkhp1MJrh7nUepCBck5+mAzfO9JrbApNNgaTdGDITg=
golang.org/x/sys v0.0.0-20211103235746-7861aae1554b/go.mod h1:oPkhp1MJrh7nUepCBck5+mAzfO9JrbApNNgaTdGDITg=
golang.org/x/sys v0.0.0-20220622161953-175b2fd9d664/go.mod h1:oPkhp1MJrh7nUepCBck5+mAzfO9JrbApNNgaTdGDITg=
golang.org/x/sys v0.0.0-20220811171246-fbc7d0a398ab/go.mod h1:oPkhp1MJrh7nUepCBck5+mAzfO9JrbApNNgaTdGDITg=
golang.org/x/sys v0.1.0/go.mod h1:oPkhp1MJrh7nUepCBck5+mAzfO9JrbApNNgaTdGDITg=
golang.org/x/sys v0.5.0/go.mod h1:oPkhp1MJrh7nUepCBck5+mAzfO9JrbApNNgaTdGDITg=
golang.org/x/sys v0.6.0/go.mod h1:oPkhp1MJrh7nUepCBck5+mAzfO9JrbApNNgaTdGDITg=
golang.org/x/sys v0.14.0/go.mod h1:/VUhepiaJMQUp4+oa/7Zr1D23ma6VTLIYjOOTFZPUcA=
golang.org/x/sys v0.19.0 h1:q5f1RH2jigJ1MoAWp2KTp3gm5zAGFUTarQZ5U386+4o=
golang.org/x/sys v0.19.0/go.mod h1:/VUhepiaJMQUp4+oa/7Zr1D23ma6VTLIYjOOTFZPUcA=
golang.org/x/term v0.0.0-20201126162022-7de9c90e9dd1/go.mod h1:bj7SfCRtBDWHUb9snDiAeCFNEtKQo2Wmx5Cou7ajbmo=
golang.org/x/term v0.19.0 h1:+ThwsDv+tYfnJFhF4L8jITxu1tdTWRTZpdsWgEgjL6Q=
golang.org/x/term v0.19.0/go.mod h1:2CuTdWZ7KHSQwUzKva0cbMg6q2DMI3Mmxp+gKJbskEk=
golang.org/x/text v0.3.0/go.mod h1:NqM8EUOU14njkJ3fqMW+pc6Ldnwhi/IjpwHt7yyuwOQ=
golang.org/x/text v0.3.3/go.mod h1:5Zoc/QRtKVWzQhOtBMvqHzDpF6irO9z98xDceosuGiQ=
golang.org/x/text v0.3.6/go.mod h1:5Zoc/QRtKVWzQhOtBMvqHzDpF6irO9z98xDceosuGiQ=
golang.org/x/text v0.14.0 h1:ScX5w1eTa3QqT8oi6+ziP7dTV1S2+ALU0bI+0zXKWiQ=
golang.org/x/text v0.14.0/go.mod h1:18ZOQIKpY8NJVqYksKHtTdi31H5itFRjB5/qKTNYzSU=
golang.org/x/time v0.5.0 h1:o7cqy6amK/52YcAKIPlM3a+Fpj35zvRj2TP+e1xFSfk=
golang.org/x/time v0.5.0/go.mod h1:3BpzKBy/shNhVucY/MWOyx10tF3SFh9QdLuxbVysPQM=
golang.org/x/tools v0.0.0-20180917221912-90fa682c2a6e/go.mod h1:n7NCudcB/nEzxVGmLbDWY5pfWTLqBcC2KZ6jyYvM4mQ=
golang.org/x/tools v0.0.0-20190311212946-11955173bddd/go.mod h1:LCzVGOaR6xXOjkQ3onu1FJEFr0SW1gC7cKk1uF8kGRs=
golang.org/x/tools v0.0.0-20191119224855-298f0cb1881e/go.mod h1:b+2E5dAYhXwXZwtnZ6UAqBI28+e2cm9otk0dWdXHAEo=
golang.org/x/tools v0.1.5/go.mod h1:o0xws9oXOQQZyjljx8fwUC0k7L1pTE6eaCbjGeHmOkk=
golang.org/x/tools v0.19.0 h1:tfGCXNR1OsFG+sVdLAitlpjAvD/I6dHDKnYrpEZUHkw=
golang.org/x/tools v0.19.0/go.mod h1:qoJWxmGSIBmAeriMx19ogtrEPrGtDbPK634QFIcLAhc=
golang.org/x/xerrors v0.0.0-20190717185122-a985d3407aa7/go.mod h1:I/5z698sn9Ka8TeJc9MKroUUfqBBauWjQqLJ2OPfmY0=
golang.org/x/xerrors v0.0.0-20191011141410-1b5146add898/go.mod h1:I/5z698sn9Ka8TeJc9MKroUUfqBBauWjQqLJ2OPfmY0=
golang.org/x/xerrors v0.0.0-20200804184101-5ec99f83aff1/go.mod h1:I/5z698sn9Ka8TeJc9MKroUUfqBBauWjQqLJ2OPfmY0=
google.golang.org/genproto/googleapis/rpc v0.0.0-20240227224415-6ceb2ff114de h1:cZGRis4/ot9uVm639a+rHCUaG0JJHEsdyzSQTMX+suY=
google.golang.org/genproto/googleapis/rpc v0.0.0-20240227224415-6ceb2ff114de/go.mod h1:H4O17MA/PE9BsGx3w+a+W2VOLLD1Qf7oJneAoU6WktY=
google.golang.org/grpc v1.63.0 h1:WjKe+dnvABXyPJMD7KDNLxtoGk5tgk+YFWN6cBWjZE8=
google.golang.org/grpc v1.63.0/go.mod h1:WAX/8DgncnokcFUldAxq7GeB5DXHDbMF+lLvDomNkRA=
google.golang.org/protobuf v1.33.0 h1:uNO2rsAINq/JlFpSdYEKIZ0uKD/R9cpdv0T+yoGwGmI=
google.golang.org/protobuf v1.33.0/go.mod h1:c6P6GXX6sHbq/GpV6MGZEdwhWPcYBgnhAHhKbcUYpos=
gopkg.in/check.v1 v0.0.0-20161208181325-20d25e280405/go.mod h1:Co6ibVJAznAaIkqp8huTwlJQCZ016jof/cbN4VW5Yz0=
gopkg.in/check.v1 v1.0.0-20180628173108-788fd7840127/go.mod h1:Co6ibVJAznAaIkqp8huTwlJQCZ016jof/cbN4VW5Yz0=
gopkg.in/yaml.v2 v2.2.8/go.mod h1:hI93XBmqTisBFMUTm0b8Fm+jr3Dg1NNxqwp+5A1VGuI=
gopkg.in/yaml.v3 v3.0.0-20200313102051-9f266ea9e77c/go.mod h1:K4uyk7z7BCEPqu6E+C64Yfv1cQ7kz7rIZviUmN+EgEM=
gopkg.in/yaml.v3 v3.0.0-20210107192922-496545a6307b/go.mod h1:K4uyk7z7BCEPqu6E+C64Yfv1cQ7kz7rIZviUmN+EgEM=
gopkg.in/yaml.v3 v3.0.1 h1:fxVm/GzAzEWqLHuvctI91KS9hhNmmWOoWu0XTYJS7CA=
gopkg.in/yaml.v3 v3.0.1/go.mod h1:K4uyk7z7BCEPqu6E+C64Yfv1cQ7kz7rIZviUmN+EgEM=
lukechampine.com/blake3 v1.2.1 h1:YuqqRuaqsGV71BV/nm9xlI0MKUv4QC54jQnBChWbGnI=
lukechampine.com/blake3 v1.2.1/go.mod h1:0OFRp7fBtAylGVCO40o87sbupkyIGgbpv1+M1k1LM6k=
